PODS:
  - TDRemoteConfig (1.2.0):
    - ThinkingSDK (= 3.1.0)
  - TDStrategy (1.2.0):
    - TDRemoteConfig (= 1.2.0)
  - ThinkingDataCore (1.2.1):
    - ThinkingDataCore/Main (= 1.2.1)
  - ThinkingDataCore/iOS (1.2.1)
  - ThinkingDataCore/Main (1.2.1):
    - ThinkingDataCore/iOS
    - ThinkingDataCore/OSX
    - ThinkingDataCore/tvOS
    - ThinkingDataCore/versionOS
    - ThinkingDataCore/watchOS
  - ThinkingSDK (3.1.0):
    - ThinkingSDK/Main (= 3.1.0)
  - ThinkingSDK/iOS (3.1.0):
    - ThinkingDataCore (= 1.2.1)
  - ThinkingSDK/Main (3.1.0):
    - ThinkingSDK/iOS
    - ThinkingSDK/OSX

DEPENDENCIES:
  - TDStrategy (from `../`)

SPEC REPOS:
  trunk:
    - TDRemoteConfig
    - ThinkingDataCore
    - ThinkingSDK

EXTERNAL SOURCES:
  TDStrategy:
    :path: "../"

SPEC CHECKSUMS:
  TDRemoteConfig: 0d07c5d0909ae79d96bc264ed020218e55f41326
  TDStrategy: b5e98bfed718ed3e822984959a4d3d2629d58579
  ThinkingDataCore: a9af2a3c645c928f6555dbfb447f9c89381976d9
  ThinkingSDK: 55612adb5d90fac6c1ea0a9c8651b619cb86f5fe

PODFILE CHECKSUM: 6fa72aa0e6995d8a45a1328d474525305a4fa108

COCOAPODS: 1.16.2
